
Microsoft Visual Studio Solution File, Format Version 12.00
# Visual Studio Version 17
VisualStudioVersion = 17.0.32112.339
MinimumVisualStudioVersion = 10.0.40219.1
Project("{FAE04EC0-301F-11D3-BF4B-00C04F79EFBC}") = "AviaSalesAPI", "AviaSalesAPI\AviaSalesAPI.csproj", "{BBC8D6D2-AEAE-4EC4-BD1A-D5A76FADEA50}"
EndProject
Global
	GlobalSection(SolutionConfigurationPlatforms) = preSolution
		Debug|Any CPU = Debug|Any CPU
		Release|Any CPU = Release|Any CPU
	EndGlobalSection
	GlobalSection(ProjectConfigurationPlatforms) = postSolution
		{BBC8D6D2-AEAE-4EC4-BD1A-D5A76FADEA50}.Debug|Any CPU.ActiveCfg = Debug|Any CPU
		{BBC8D6D2-AEAE-4EC4-BD1A-D5A76FADEA50}.Debug|Any CPU.Build.0 = Debug|Any CPU
		{BBC8D6D2-AEAE-4EC4-BD1A-D5A76FADEA50}.Release|Any CPU.ActiveCfg = Release|Any CPU
		{BBC8D6D2-AEAE-4EC4-BD1A-D5A76FADEA50}.Release|Any CPU.Build.0 = Release|Any CPU
	EndGlobalSection
	GlobalSection(SolutionProperties) = preSolution
		HideSolutionNode = FALSE
	EndGlobalSection
	GlobalSection(ExtensibilityGlobals) = postSolution
		SolutionGuid = {4B343060-82CF-4B2C-8A9C-E88D42F4B830}
	EndGlobalSection
EndGlobal
